
Microsoft Visual Studio Solution File, Format Version 12.00
# Visual Studio Version 17
VisualStudioVersion = 17.5.33424.131
MinimumVisualStudioVersion = 10.0.40219.1
Project("{E53339B2-1760-4266-BCC7-CA923CBCF16C}") = "docker-compose", "docker-compose.dcproj", "{CA038EBC-32B5-4586-9DD1-771F9B2EAF32}"
EndProject
Project("{2150E333-8FDC-42A3-9474-1A3956D46DE8}") = "src", "src", "{55D5E608-486E-44AA-826D-BD43107B64B7}"
EndProject
Project("{2150E333-8FDC-42A3-9474-1A3956D46DE8}") = "Services", "Services", "{EEA71642-AD73-4DC1-8C5A-4762429ED6A5}"
EndProject
Project("{2150E333-8FDC-42A3-9474-1A3956D46DE8}") = "Blog", "Blog", "{66D0CB92-95FE-489B-B28D-ED40F71F19F7}"
EndProject
Project("{9A19103F-16F7-4668-BE54-9A1E7A4F7556}") = "Blog.Domain", "Services\Blog\Blog.Domain\Blog.Domain.csproj", "{6F6CF092-F7B1-41CF-A53A-4F728515DEE7}"
EndProject
Project("{9A19103F-16F7-4668-BE54-9A1E7A4F7556}") = "Blog.Infrastructure", "Services\Blog\Blog.Infrastructure\Blog.Infrastructure.csproj", "{76D6903B-2F01-47FD-9E1A-F6D707707AE5}"
EndProject
Project("{9A19103F-16F7-4668-BE54-9A1E7A4F7556}") = "Blog.Api", "Services\Blog\Blog.Api\Blog.Api.csproj", "{C55370B1-2D8E-4E29-8E51-0C4401358CFB}"
EndProject
Global
	GlobalSection(SolutionConfigurationPlatforms) = preSolution
		Debug|Any CPU = Debug|Any CPU
		Release|Any CPU = Release|Any CPU
	EndGlobalSection
	GlobalSection(ProjectConfigurationPlatforms) = postSolution
		{CA038EBC-32B5-4586-9DD1-771F9B2EAF32}.Debug|Any CPU.ActiveCfg = Debug|Any CPU
		{CA038EBC-32B5-4586-9DD1-771F9B2EAF32}.Debug|Any CPU.Build.0 = Debug|Any CPU
		{CA038EBC-32B5-4586-9DD1-771F9B2EAF32}.Release|Any CPU.ActiveCfg = Release|Any CPU
		{CA038EBC-32B5-4586-9DD1-771F9B2EAF32}.Release|Any CPU.Build.0 = Release|Any CPU
		{6F6CF092-F7B1-41CF-A53A-4F728515DEE7}.Debug|Any CPU.ActiveCfg = Debug|Any CPU
		{6F6CF092-F7B1-41CF-A53A-4F728515DEE7}.Debug|Any CPU.Build.0 = Debug|Any CPU
		{6F6CF092-F7B1-41CF-A53A-4F728515DEE7}.Release|Any CPU.ActiveCfg = Release|Any CPU
		{6F6CF092-F7B1-41CF-A53A-4F728515DEE7}.Release|Any CPU.Build.0 = Release|Any CPU
		{76D6903B-2F01-47FD-9E1A-F6D707707AE5}.Debug|Any CPU.ActiveCfg = Debug|Any CPU
		{76D6903B-2F01-47FD-9E1A-F6D707707AE5}.Debug|Any CPU.Build.0 = Debug|Any CPU
		{76D6903B-2F01-47FD-9E1A-F6D707707AE5}.Release|Any CPU.ActiveCfg = Release|Any CPU
		{76D6903B-2F01-47FD-9E1A-F6D707707AE5}.Release|Any CPU.Build.0 = Release|Any CPU
		{C55370B1-2D8E-4E29-8E51-0C4401358CFB}.Debug|Any CPU.ActiveCfg = Debug|Any CPU
		{C55370B1-2D8E-4E29-8E51-0C4401358CFB}.Debug|Any CPU.Build.0 = Debug|Any CPU
		{C55370B1-2D8E-4E29-8E51-0C4401358CFB}.Release|Any CPU.ActiveCfg = Release|Any CPU
		{C55370B1-2D8E-4E29-8E51-0C4401358CFB}.Release|Any CPU.Build.0 = Release|Any CPU
	EndGlobalSection
	GlobalSection(SolutionProperties) = preSolution
		HideSolutionNode = FALSE
	EndGlobalSection
	GlobalSection(NestedProjects) = preSolution
		{EEA71642-AD73-4DC1-8C5A-4762429ED6A5} = {55D5E608-486E-44AA-826D-BD43107B64B7}
		{66D0CB92-95FE-489B-B28D-ED40F71F19F7} = {EEA71642-AD73-4DC1-8C5A-4762429ED6A5}
		{6F6CF092-F7B1-41CF-A53A-4F728515DEE7} = {66D0CB92-95FE-489B-B28D-ED40F71F19F7}
		{76D6903B-2F01-47FD-9E1A-F6D707707AE5} = {66D0CB92-95FE-489B-B28D-ED40F71F19F7}
		{C55370B1-2D8E-4E29-8E51-0C4401358CFB} = {66D0CB92-95FE-489B-B28D-ED40F71F19F7}
	EndGlobalSection
	GlobalSection(ExtensibilityGlobals) = postSolution
		SolutionGuid = {8462CB80-4F3C-4512-BF6B-D1FA744C0743}
	EndGlobalSection
EndGlobal
